
Microsoft Visual Studio Solution File, Format Version 12.00
# Visual Studio 2013
VisualStudioVersion = 12.0.31101.0
MinimumVisualStudioVersion = 10.0.40219.1
Project("{2150E333-8FDC-42A3-9474-1A3956D46DE8}") = "HubApp", "HubApp", "{58ECFD3C-5460-471D-97F7-E19D3BFE1A2C}"
EndProject
Project("{D954291E-2A0B-460D-934E-DC6B0785DB48}") = "HubApp.Shared", "HubApp\HubApp.Shared\HubApp.Shared.shproj", "{A73BCA81-F4CC-4E71-BD91-CD9D5B82F0D8}"
EndProject
Project("{FAE04EC0-301F-11D3-BF4B-00C04F79EFBC}") = "HubApp.Windows", "HubApp\HubApp.Windows\HubApp.Windows.csproj", "{D1791C63-D371-495A-B52B-E735F572FEB2}"
EndProject
Project("{FAE04EC0-301F-11D3-BF4B-00C04F79EFBC}") = "HubApp.WindowsPhone", "HubApp\HubApp.WindowsPhone\HubApp.WindowsPhone.csproj", "{1ED126F6-3272-4374-99D2-D0BF4D7DA371}"
EndProject
Global
	GlobalSection(SharedMSBuildProjectFiles) = preSolution
		HubApp\HubApp.Shared\HubApp.Shared.projitems*{a73bca81-f4cc-4e71-bd91-cd9d5b82f0d8}*SharedItemsImports = 13
		HubApp\HubApp.Shared\HubApp.Shared.projitems*{d1791c63-d371-495a-b52b-e735f572feb2}*SharedItemsImports = 4
		HubApp\HubApp.Shared\HubApp.Shared.projitems*{1ed126f6-3272-4374-99d2-d0bf4d7da371}*SharedItemsImports = 4
	EndGlobalSection
	GlobalSection(SolutionConfigurationPlatforms) = preSolution
		Debug|Any CPU = Debug|Any CPU
		Debug|ARM = Debug|ARM
		Debug|x64 = Debug|x64
		Debug|x86 = Debug|x86
		Release|Any CPU = Release|Any CPU
		Release|ARM = Release|ARM
		Release|x64 = Release|x64
		Release|x86 = Release|x86
	EndGlobalSection
	GlobalSection(ProjectConfigurationPlatforms) = postSolution
		{D1791C63-D371-495A-B52B-E735F572FEB2}.Debug|Any CPU.ActiveCfg = Debug|Any CPU
		{D1791C63-D371-495A-B52B-E735F572FEB2}.Debug|Any CPU.Build.0 = Debug|Any CPU
		{D1791C63-D371-495A-B52B-E735F572FEB2}.Debug|Any CPU.Deploy.0 = Debug|Any CPU
		{D1791C63-D371-495A-B52B-E735F572FEB2}.Debug|ARM.ActiveCfg = Debug|ARM
		{D1791C63-D371-495A-B52B-E735F572FEB2}.Debug|ARM.Build.0 = Debug|ARM
		{D1791C63-D371-495A-B52B-E735F572FEB2}.Debug|ARM.Deploy.0 = Debug|ARM
		{D1791C63-D371-495A-B52B-E735F572FEB2}.Debug|x64.ActiveCfg = Debug|x64
		{D1791C63-D371-495A-B52B-E735F572FEB2}.Debug|x64.Build.0 = Debug|x64
		{D1791C63-D371-495A-B52B-E735F572FEB2}.Debug|x64.Deploy.0 = Debug|x64
		{D1791C63-D371-495A-B52B-E735F572FEB2}.Debug|x86.ActiveCfg = Debug|x86
		{D1791C63-D371-495A-B52B-E735F572FEB2}.Debug|x86.Build.0 = Debug|x86
		{D1791C63-D371-495A-B52B-E735F572FEB2}.Debug|x86.Deploy.0 = Debug|x86
		{D1791C63-D371-495A-B52B-E735F572FEB2}.Release|Any CPU.ActiveCfg = Release|Any CPU
		{D1791C63-D371-495A-B52B-E735F572FEB2}.Release|Any CPU.Build.0 = Release|Any CPU
		{D1791C63-D371-495A-B52B-E735F572FEB2}.Release|Any CPU.Deploy.0 = Release|Any CPU
		{D1791C63-D371-495A-B52B-E735F572FEB2}.Release|ARM.ActiveCfg = Release|ARM
		{D1791C63-D371-495A-B52B-E735F572FEB2}.Release|ARM.Build.0 = Release|ARM
		{D1791C63-D371-495A-B52B-E735F572FEB2}.Release|ARM.Deploy.0 = Release|ARM
		{D1791C63-D371-495A-B52B-E735F572FEB2}.Release|x64.ActiveCfg = Release|x64
		{D1791C63-D371-495A-B52B-E735F572FEB2}.Release|x64.Build.0 = Release|x64
		{D1791C63-D371-495A-B52B-E735F572FEB2}.Release|x64.Deploy.0 = Release|x64
		{D1791C63-D371-495A-B52B-E735F572FEB2}.Release|x86.ActiveCfg = Release|x86
		{D1791C63-D371-495A-B52B-E735F572FEB2}.Release|x86.Build.0 = Release|x86
		{D1791C63-D371-495A-B52B-E735F572FEB2}.Release|x86.Deploy.0 = Release|x86
		{1ED126F6-3272-4374-99D2-D0BF4D7DA371}.Debug|Any CPU.ActiveCfg = Debug|Any CPU
		{1ED126F6-3272-4374-99D2-D0BF4D7DA371}.Debug|Any CPU.Build.0 = Debug|Any CPU
		{1ED126F6-3272-4374-99D2-D0BF4D7DA371}.Debug|Any CPU.Deploy.0 = Debug|Any CPU
		{1ED126F6-3272-4374-99D2-D0BF4D7DA371}.Debug|ARM.ActiveCfg = Debug|ARM
		{1ED126F6-3272-4374-99D2-D0BF4D7DA371}.Debug|ARM.Build.0 = Debug|ARM
		{1ED126F6-3272-4374-99D2-D0BF4D7DA371}.Debug|ARM.Deploy.0 = Debug|ARM
		{1ED126F6-3272-4374-99D2-D0BF4D7DA371}.Debug|x64.ActiveCfg = Debug|Any CPU
		{1ED126F6-3272-4374-99D2-D0BF4D7DA371}.Debug|x86.ActiveCfg = Debug|x86
		{1ED126F6-3272-4374-99D2-D0BF4D7DA371}.Debug|x86.Build.0 = Debug|x86
		{1ED126F6-3272-4374-99D2-D0BF4D7DA371}.Debug|x86.Deploy.0 = Debug|x86
		{1ED126F6-3272-4374-99D2-D0BF4D7DA371}.Release|Any CPU.ActiveCfg = Release|Any CPU
		{1ED126F6-3272-4374-99D2-D0BF4D7DA371}.Release|Any CPU.Build.0 = Release|Any CPU
		{1ED126F6-3272-4374-99D2-D0BF4D7DA371}.Release|Any CPU.Deploy.0 = Release|Any CPU
		{1ED126F6-3272-4374-99D2-D0BF4D7DA371}.Release|ARM.ActiveCfg = Release|ARM
		{1ED126F6-3272-4374-99D2-D0BF4D7DA371}.Release|ARM.Build.0 = Release|ARM
		{1ED126F6-3272-4374-99D2-D0BF4D7DA371}.Release|ARM.Deploy.0 = Release|ARM
		{1ED126F6-3272-4374-99D2-D0BF4D7DA371}.Release|x64.ActiveCfg = Release|Any CPU
		{1ED126F6-3272-4374-99D2-D0BF4D7DA371}.Release|x86.ActiveCfg = Release|x86
		{1ED126F6-3272-4374-99D2-D0BF4D7DA371}.Release|x86.Build.0 = Release|x86
		{1ED126F6-3272-4374-99D2-D0BF4D7DA371}.Release|x86.Deploy.0 = Release|x86
	EndGlobalSection
	GlobalSection(SolutionProperties) = preSolution
		HideSolutionNode = FALSE
	EndGlobalSection
	GlobalSection(NestedProjects) = preSolution
		{A73BCA81-F4CC-4E71-BD91-CD9D5B82F0D8} = {58ECFD3C-5460-471D-97F7-E19D3BFE1A2C}
		{D1791C63-D371-495A-B52B-E735F572FEB2} = {58ECFD3C-5460-471D-97F7-E19D3BFE1A2C}
		{1ED126F6-3272-4374-99D2-D0BF4D7DA371} = {58ECFD3C-5460-471D-97F7-E19D3BFE1A2C}
	EndGlobalSection
EndGlobal
